
Microsoft Visual Studio Solution File, Format Version 12.00
# Visual Studio Version 17
VisualStudioVersion = 17.6.33723.286
MinimumVisualStudioVersion = 10.0.40219.1
Project("{FAE04EC0-301F-11D3-BF4B-00C04F79EFBC}") = "Arch", "Arch\Arch.csproj", "{CC6E1D09-ADEB-49F2-9CAE-44055B334C1F}"
EndProject
Project("{FAE04EC0-301F-11D3-BF4B-00C04F79EFBC}") = "Core", "Core\Core.csproj", "{89468F40-6CCA-42E0-8F38-D46060E1A6EC}"
EndProject
Global
	GlobalSection(SolutionConfigurationPlatforms) = preSolution
		Debug|Any CPU = Debug|Any CPU
		Release|Any CPU = Release|Any CPU
	EndGlobalSection
	GlobalSection(ProjectConfigurationPlatforms) = postSolution
		{CC6E1D09-ADEB-49F2-9CAE-44055B334C1F}.Debug|Any CPU.ActiveCfg = Debug|Any CPU
		{CC6E1D09-ADEB-49F2-9CAE-44055B334C1F}.Debug|Any CPU.Build.0 = Debug|Any CPU
		{CC6E1D09-ADEB-49F2-9CAE-44055B334C1F}.Release|Any CPU.ActiveCfg = Release|Any CPU
		{CC6E1D09-ADEB-49F2-9CAE-44055B334C1F}.Release|Any CPU.Build.0 = Release|Any CPU
		{89468F40-6CCA-42E0-8F38-D46060E1A6EC}.Debug|Any CPU.ActiveCfg = Debug|Any CPU
		{89468F40-6CCA-42E0-8F38-D46060E1A6EC}.Debug|Any CPU.Build.0 = Debug|Any CPU
		{89468F40-6CCA-42E0-8F38-D46060E1A6EC}.Release|Any CPU.ActiveCfg = Release|Any CPU
		{89468F40-6CCA-42E0-8F38-D46060E1A6EC}.Release|Any CPU.Build.0 = Release|Any CPU
	EndGlobalSection
	GlobalSection(SolutionProperties) = preSolution
		HideSolutionNode = FALSE
	EndGlobalSection
	GlobalSection(ExtensibilityGlobals) = postSolution
		SolutionGuid = {9E0134CD-3C0C-4DE5-972B-9F496D0661FF}
	EndGlobalSection
EndGlobal
